
Microsoft Visual Studio Solution File, Format Version 11.00
# Visual Studio 2010
Project("{FAE04EC0-301F-11D3-BF4B-00C04F79EFBC}") = "TwitterWall", "TwitterWall\TwitterWall.csproj", "{179A0BB2-E214-44A6-88F9-AF34370C3C70}"
EndProject
Project("{FAE04EC0-301F-11D3-BF4B-00C04F79EFBC}") = "TwitterWall.Web", "TwitterWall.Web\TwitterWall.Web.csproj", "{810C286B-60C7-4ECC-B45E-0A12D9C93F64}"
EndProject
Project("{FAE04EC0-301F-11D3-BF4B-00C04F79EFBC}") = "TwitterLib", "TwitterLib\TwitterLib.csproj", "{49E10EA3-185F-43E3-BCF4-23D79BAD8BD3}"
EndProject
Project("{FAE04EC0-301F-11D3-BF4B-00C04F79EFBC}") = "TwitterPhone", "TwitterPhone\TwitterPhone.csproj", "{94CC722E-3231-443A-BD8A-1EB7D6628BAC}"
EndProject
Global
	GlobalSection(SolutionConfigurationPlatforms) = preSolution
		Debug|Any CPU = Debug|Any CPU
		Release|Any CPU = Release|Any CPU
	EndGlobalSection
	GlobalSection(ProjectConfigurationPlatforms) = postSolution
		{179A0BB2-E214-44A6-88F9-AF34370C3C70}.Debug|Any CPU.ActiveCfg = Debug|Any CPU
		{179A0BB2-E214-44A6-88F9-AF34370C3C70}.Debug|Any CPU.Build.0 = Debug|Any CPU
		{179A0BB2-E214-44A6-88F9-AF34370C3C70}.Release|Any CPU.ActiveCfg = Release|Any CPU
		{179A0BB2-E214-44A6-88F9-AF34370C3C70}.Release|Any CPU.Build.0 = Release|Any CPU
		{810C286B-60C7-4ECC-B45E-0A12D9C93F64}.Debug|Any CPU.ActiveCfg = Debug|Any CPU
		{810C286B-60C7-4ECC-B45E-0A12D9C93F64}.Debug|Any CPU.Build.0 = Debug|Any CPU
		{810C286B-60C7-4ECC-B45E-0A12D9C93F64}.Release|Any CPU.ActiveCfg = Release|Any CPU
		{810C286B-60C7-4ECC-B45E-0A12D9C93F64}.Release|Any CPU.Build.0 = Release|Any CPU
		{49E10EA3-185F-43E3-BCF4-23D79BAD8BD3}.Debug|Any CPU.ActiveCfg = Debug|Any CPU
		{49E10EA3-185F-43E3-BCF4-23D79BAD8BD3}.Debug|Any CPU.Build.0 = Debug|Any CPU
		{49E10EA3-185F-43E3-BCF4-23D79BAD8BD3}.Release|Any CPU.ActiveCfg = Release|Any CPU
		{49E10EA3-185F-43E3-BCF4-23D79BAD8BD3}.Release|Any CPU.Build.0 = Release|Any CPU
		{94CC722E-3231-443A-BD8A-1EB7D6628BAC}.Debug|Any CPU.ActiveCfg = Debug|Any CPU
		{94CC722E-3231-443A-BD8A-1EB7D6628BAC}.Debug|Any CPU.Build.0 = Debug|Any CPU
		{94CC722E-3231-443A-BD8A-1EB7D6628BAC}.Debug|Any CPU.Deploy.0 = Debug|Any CPU
		{94CC722E-3231-443A-BD8A-1EB7D6628BAC}.Release|Any CPU.ActiveCfg = Release|Any CPU
		{94CC722E-3231-443A-BD8A-1EB7D6628BAC}.Release|Any CPU.Build.0 = Release|Any CPU
		{94CC722E-3231-443A-BD8A-1EB7D6628BAC}.Release|Any CPU.Deploy.0 = Release|Any CPU
	EndGlobalSection
	GlobalSection(SolutionProperties) = preSolution
		HideSolutionNode = FALSE
	EndGlobalSection
EndGlobal
